// !$*UTF8*$!
{
	archiveVersion = 1;
	classes = {
	};
	objectVersion = 46;
	objects = {

/* Begin PBXBuildFile section */
		C0B3FF361F554AE500DD2FE0 /* AckoTextField.swift in Sources */ = {isa = PBXBuildFile; fileRef = C0B3FF351F554AE500DD2FE0 /* AckoTextField.swift */; };
		C0E1C6B81F546B1A0021D5CB /* TextFieldVC.swift in Sources */ = {isa = PBXBuildFile; fileRef = C0E1C6B71F546B1A0021D5CB /* TextFieldVC.swift */; };
		C65A25031F535099003CD23B /* OrientationVC.swift in Sources */ = {isa = PBXBuildFile; fileRef = C65A25021F535099003CD23B /* OrientationVC.swift */; };
		C65A25051F53765F003CD23B /* FabVc.swift in Sources */ = {isa = PBXBuildFile; fileRef = C65A25041F53765F003CD23B /* FabVc.swift */; };
		C65A250B1F5389F3003CD23B /* ColorExtension.swift in Sources */ = {isa = PBXBuildFile; fileRef = C65A250A1F5389F3003CD23B /* ColorExtension.swift */; };
		C65A250D1F538AF8003CD23B /* CGFloatExtension.swift in Sources */ = {isa = PBXBuildFile; fileRef = C65A250C1F538AF8003CD23B /* CGFloatExtension.swift */; };
		C6ECAC8B1F4A368400202243 /* AppDelegate.swift in Sources */ = {isa = PBXBuildFile; fileRef = C6ECAC8A1F4A368400202243 /* AppDelegate.swift */; };
		C6ECAC8D1F4A368400202243 /* ViewController.swift in Sources */ = {isa = PBXBuildFile; fileRef = C6ECAC8C1F4A368400202243 /* ViewController.swift */; };
		C6ECAC901F4A368400202243 /* Main.storyboard in Resources */ = {isa = PBXBuildFile; fileRef = C6ECAC8E1F4A368400202243 /* Main.storyboard */; };
		C6ECAC921F4A368400202243 /* Assets.xcassets in Resources */ = {isa = PBXBuildFile; fileRef = C6ECAC911F4A368400202243 /* Assets.xcassets */; };
		C6ECAC951F4A368400202243 /* LaunchScreen.storyboard in Resources */ = {isa = PBXBuildFile; fileRef = C6ECAC931F4A368400202243 /* LaunchScreen.storyboard */; };
		C6ECACA01F4A368500202243 /* StackView__Tests.swift in Sources */ = {isa = PBXBuildFile; fileRef = C6ECAC9F1F4A368500202243 /* StackView__Tests.swift */; };
		C6ECACAB1F4A368500202243 /* StackView__UITests.swift in Sources */ = {isa = PBXBuildFile; fileRef = C6ECACAA1F4A368500202243 /* StackView__UITests.swift */; };
/* End PBXBuildFile section */

/* Begin PBXContainerItemProxy section */
		C6ECAC9C1F4A368500202243 /* PBXContainerItemProxy */ = {
			isa = PBXContainerItemProxy;
			containerPortal = C6ECAC7F1F4A368400202243 /* Project object */;
			proxyType = 1;
			remoteGlobalIDString = C6ECAC861F4A368400202243;
			remoteInfo = "StackView😮";
		};
		C6ECACA71F4A368500202243 /* PBXContainerItemProxy */ = {
			isa = PBXContainerItemProxy;
			containerPortal = C6ECAC7F1F4A368400202243 /* Project object */;
			proxyType = 1;
			remoteGlobalIDString = C6ECAC861F4A368400202243;
			remoteInfo = "StackView😮";
		};
/* End PBXContainerItemProxy section */

/* Begin PBXFileReference section */
		C0B3FF351F554AE500DD2FE0 /* AckoTextField.swift */ = {isa = PBXFileReference; fileEncoding = 4; lastKnownFileType = sourcecode.swift; path = AckoTextField.swift; sourceTree = "<group>"; };
		C0E1C6B71F546B1A0021D5CB /* TextFieldVC.swift */ = {isa = PBXFileReference; fileEncoding = 4; lastKnownFileType = sourcecode.swift; path = TextFieldVC.swift; sourceTree = "<group>"; };
		C65A25021F535099003CD23B /* OrientationVC.swift */ = {isa = PBXFileReference; fileEncoding = 4; lastKnownFileType = sourcecode.swift; path = OrientationVC.swift; sourceTree = "<group>"; };
		C65A25041F53765F003CD23B /* FabVc.swift */ = {isa = PBXFileReference; fileEncoding = 4; lastKnownFileType = sourcecode.swift; path = FabVc.swift; sourceTree = "<group>"; };
		C65A250A1F5389F3003CD23B /* ColorExtension.swift */ = {isa = PBXFileReference; fileEncoding = 4; lastKnownFileType = sourcecode.swift; path = ColorExtension.swift; sourceTree = "<group>"; };
		C65A250C1F538AF8003CD23B /* CGFloatExtension.swift */ = {isa = PBXFileReference; fileEncoding = 4; lastKnownFileType = sourcecode.swift; path = CGFloatExtension.swift; sourceTree = "<group>"; };
		C6ECAC871F4A368400202243 /* StackView😮.app */ = {isa = PBXFileReference; explicitFileType = wrapper.application; includeInIndex = 0; path = "StackView😮.app"; sourceTree = BUILT_PRODUCTS_DIR; };
		C6ECAC8A1F4A368400202243 /* AppDelegate.swift */ = {isa = PBXFileReference; lastKnownFileType = sourcecode.swift; path = AppDelegate.swift; sourceTree = "<group>"; };
		C6ECAC8C1F4A368400202243 /* ViewController.swift */ = {isa = PBXFileReference; lastKnownFileType = sourcecode.swift; path = ViewController.swift; sourceTree = "<group>"; };
		C6ECAC8F1F4A368400202243 /* Base */ = {isa = PBXFileReference; lastKnownFileType = file.storyboard; name = Base; path = Base.lproj/Main.storyboard; sourceTree = "<group>"; };
		C6ECAC911F4A368400202243 /* Assets.xcassets */ = {isa = PBXFileReference; lastKnownFileType = folder.assetcatalog; path = Assets.xcassets; sourceTree = "<group>"; };
		C6ECAC941F4A368400202243 /* Base */ = {isa = PBXFileReference; lastKnownFileType = file.storyboard; name = Base; path = Base.lproj/LaunchScreen.storyboard; sourceTree = "<group>"; };
		C6ECAC961F4A368400202243 /* Info.plist */ = {isa = PBXFileReference; lastKnownFileType = text.plist.xml; path = Info.plist; sourceTree = "<group>"; };
		C6ECAC9B1F4A368500202243 /* StackView😮Tests.xctest */ = {isa = PBXFileReference; explicitFileType = wrapper.cfbundle; includeInIndex = 0; path = "StackView😮Tests.xctest"; sourceTree = BUILT_PRODUCTS_DIR; };
		C6ECAC9F1F4A368500202243 /* StackView__Tests.swift */ = {isa = PBXFileReference; lastKnownFileType = sourcecode.swift; path = StackView__Tests.swift; sourceTree = "<group>"; };
		C6ECACA11F4A368500202243 /* Info.plist */ = {isa = PBXFileReference; lastKnownFileType = text.plist.xml; path = Info.plist; sourceTree = "<group>"; };
		C6ECACA61F4A368500202243 /* StackView😮UITests.xctest */ = {isa = PBXFileReference; explicitFileType = wrapper.cfbundle; includeInIndex = 0; path = "StackView😮UITests.xctest"; sourceTree = BUILT_PRODUCTS_DIR; };
		C6ECACAA1F4A368500202243 /* StackView__UITests.swift */ = {isa = PBXFileReference; lastKnownFileType = sourcecode.swift; path = StackView__UITests.swift; sourceTree = "<group>"; };
		C6ECACAC1F4A368500202243 /* Info.plist */ = {isa = PBXFileReference; lastKnownFileType = text.plist.xml; path = Info.plist; sourceTree = "<group>"; };
/* End PBXFileReference section */

/* Begin PBXFrameworksBuildPhase section */
		C6ECAC841F4A368400202243 /* Frameworks */ = {
			isa = PBXFrameworksBuildPhase;
			buildActionMask = 2147483647;
			files = (
			);
			runOnlyForDeploymentPostprocessing = 0;
		};
		C6ECAC981F4A368500202243 /* Frameworks */ = {
			isa = PBXFrameworksBuildPhase;
			buildActionMask = 2147483647;
			files = (
			);
			runOnlyForDeploymentPostprocessing = 0;
		};
		C6ECACA31F4A368500202243 /* Frameworks */ = {
			isa = PBXFrameworksBuildPhase;
			buildActionMask = 2147483647;
			files = (
			);
			runOnlyForDeploymentPostprocessing = 0;
		};
/* End PBXFrameworksBuildPhase section */

/* Begin PBXGroup section */
		C65A25061F538960003CD23B /* Utilities */ = {
			isa = PBXGroup;
			children = (
				C65A25071F53896C003CD23B /* Extensions */,
				C0B3FF351F554AE500DD2FE0 /* AckoTextField.swift */,
			);
			name = Utilities;
			sourceTree = "<group>";
		};
		C65A25071F53896C003CD23B /* Extensions */ = {
			isa = PBXGroup;
			children = (
				C65A250A1F5389F3003CD23B /* ColorExtension.swift */,
				C65A250C1F538AF8003CD23B /* CGFloatExtension.swift */,
			);
			name = Extensions;
			sourceTree = "<group>";
		};
		C6ECAC7E1F4A368400202243 = {
			isa = PBXGroup;
			children = (
				C6ECAC891F4A368400202243 /* StackView😮 */,
				C6ECAC9E1F4A368500202243 /* StackView😮Tests */,
				C6ECACA91F4A368500202243 /* StackView😮UITests */,
				C6ECAC881F4A368400202243 /* Products */,
			);
			sourceTree = "<group>";
		};
		C6ECAC881F4A368400202243 /* Products */ = {
			isa = PBXGroup;
			children = (
				C6ECAC871F4A368400202243 /* StackView😮.app */,
				C6ECAC9B1F4A368500202243 /* StackView😮Tests.xctest */,
				C6ECACA61F4A368500202243 /* StackView😮UITests.xctest */,
			);
			name = Products;
			sourceTree = "<group>";
		};
		C6ECAC891F4A368400202243 /* StackView😮 */ = {
			isa = PBXGroup;
			children = (
				C65A25061F538960003CD23B /* Utilities */,
				C6ECAC8A1F4A368400202243 /* AppDelegate.swift */,
				C6ECAC8C1F4A368400202243 /* ViewController.swift */,
				C6ECAC8E1F4A368400202243 /* Main.storyboard */,
				C6ECAC911F4A368400202243 /* Assets.xcassets */,
				C6ECAC931F4A368400202243 /* LaunchScreen.storyboard */,
				C6ECAC961F4A368400202243 /* Info.plist */,
				C65A25021F535099003CD23B /* OrientationVC.swift */,
				C65A25041F53765F003CD23B /* FabVc.swift */,
				C0E1C6B71F546B1A0021D5CB /* TextFieldVC.swift */,
			);
			path = "StackView😮";
			sourceTree = "<group>";
		};
		C6ECAC9E1F4A368500202243 /* StackView😮Tests */ = {
			isa = PBXGroup;
			children = (
				C6ECAC9F1F4A368500202243 /* StackView__Tests.swift */,
				C6ECACA11F4A368500202243 /* Info.plist */,
			);
			path = "StackView😮Tests";
			sourceTree = "<group>";
		};
		C6ECACA91F4A368500202243 /* StackView😮UITests */ = {
			isa = PBXGroup;
			children = (
				C6ECACAA1F4A368500202243 /* StackView__UITests.swift */,
				C6ECACAC1F4A368500202243 /* Info.plist */,
			);
			path = "StackView😮UITests";
			sourceTree = "<group>";
		};
/* End PBXGroup section */

/* Begin PBXNativeTarget section */
		C6ECAC861F4A368400202243 /* StackView😮 */ = {
			isa = PBXNativeTarget;
			buildConfigurationList = C6ECACAF1F4A368500202243 /* Build configuration list for PBXNativeTarget "StackView😮" */;
			buildPhases = (
				C6ECAC831F4A368400202243 /* Sources */,
				C6ECAC841F4A368400202243 /* Frameworks */,
				C6ECAC851F4A368400202243 /* Resources */,
			);
			buildRules = (
			);
			dependencies = (
			);
			name = "StackView😮";
			productName = "StackView😮";
			productReference = C6ECAC871F4A368400202243 /* StackView😮.app */;
			productType = "com.apple.product-type.application";
		};
		C6ECAC9A1F4A368500202243 /* StackView😮Tests */ = {
			isa = PBXNativeTarget;
			buildConfigurationList = C6ECACB21F4A368500202243 /* Build configuration list for PBXNativeTarget "StackView😮Tests" */;
			buildPhases = (
				C6ECAC971F4A368500202243 /* Sources */,
				C6ECAC981F4A368500202243 /* Frameworks */,
				C6ECAC991F4A368500202243 /* Resources */,
			);
			buildRules = (
			);
			dependencies = (
				C6ECAC9D1F4A368500202243 /* PBXTargetDependency */,
			);
			name = "StackView😮Tests";
			productName = "StackView😮Tests";
			productReference = C6ECAC9B1F4A368500202243 /* StackView😮Tests.xctest */;
			productType = "com.apple.product-type.bundle.unit-test";
		};
		C6ECACA51F4A368500202243 /* StackView😮UITests */ = {
			isa = PBXNativeTarget;
			buildConfigurationList = C6ECACB51F4A368500202243 /* Build configuration list for PBXNativeTarget "StackView😮UITests" */;
			buildPhases = (
				C6ECACA21F4A368500202243 /* Sources */,
				C6ECACA31F4A368500202243 /* Frameworks */,
				C6ECACA41F4A368500202243 /* Resources */,
			);
			buildRules = (
			);
			dependencies = (
				C6ECACA81F4A368500202243 /* PBXTargetDependency */,
			);
			name = "StackView😮UITests";
			productName = "StackView😮UITests";
			productReference = C6ECACA61F4A368500202243 /* StackView😮UITests.xctest */;
			productType = "com.apple.product-type.bundle.ui-testing";
		};
/* End PBXNativeTarget section */

/* Begin PBXProject section */
		C6ECAC7F1F4A368400202243 /* Project object */ = {
			isa = PBXProject;
			attributes = {
				LastSwiftUpdateCheck = 0830;
				LastUpgradeCheck = 0830;
				ORGANIZATIONNAME = "Kuliza-369";
				TargetAttributes = {
					C6ECAC861F4A368400202243 = {
						CreatedOnToolsVersion = 8.3.2;
						ProvisioningStyle = Automatic;
					};
					C6ECAC9A1F4A368500202243 = {
						CreatedOnToolsVersion = 8.3.2;
						ProvisioningStyle = Automatic;
						TestTargetID = C6ECAC861F4A368400202243;
					};
					C6ECACA51F4A368500202243 = {
						CreatedOnToolsVersion = 8.3.2;
						ProvisioningStyle = Automatic;
						TestTargetID = C6ECAC861F4A368400202243;
					};
				};
			};
			buildConfigurationList = C6ECAC821F4A368400202243 /* Build configuration list for PBXProject "StackView😮" */;
			compatibilityVersion = "Xcode 3.2";
			developmentRegion = English;
			hasScannedForEncodings = 0;
			knownRegions = (
				en,
				Base,
			);
			mainGroup = C6ECAC7E1F4A368400202243;
			productRefGroup = C6ECAC881F4A368400202243 /* Products */;
			projectDirPath = "";
			projectRoot = "";
			targets = (
				C6ECAC861F4A368400202243 /* StackView😮 */,
				C6ECAC9A1F4A368500202243 /* StackView😮Tests */,
				C6ECACA51F4A368500202243 /* StackView😮UITests */,
			);
		};
/* End PBXProject section */

/* Begin PBXResourcesBuildPhase section */
		C6ECAC851F4A368400202243 /* Resources */ = {
			isa = PBXResourcesBuildPhase;
			buildActionMask = 2147483647;
			files = (
				C6ECAC951F4A368400202243 /* LaunchScreen.storyboard in Resources */,
				C6ECAC921F4A368400202243 /* Assets.xcassets in Resources */,
				C6ECAC901F4A368400202243 /* Main.storyboard in Resources */,
			);
			runOnlyForDeploymentPostprocessing = 0;
		};
		C6ECAC991F4A368500202243 /* Resources */ = {
			isa = PBXResourcesBuildPhase;
			buildActionMask = 2147483647;
			files = (
			);
			runOnlyForDeploymentPostprocessing = 0;
		};
		C6ECACA41F4A368500202243 /* Resources */ = {
			isa = PBXResourcesBuildPhase;
			buildActionMask = 2147483647;
			files = (
			);
			runOnlyForDeploymentPostprocessing = 0;
		};
/* End PBXResourcesBuildPhase section */

/* Begin PBXSourcesBuildPhase section */
		C6ECAC831F4A368400202243 /* Sources */ = {
			isa = PBXSourcesBuildPhase;
			buildActionMask = 2147483647;
			files = (
				C65A25051F53765F003CD23B /* FabVc.swift in Sources */,
				C65A25031F535099003CD23B /* OrientationVC.swift in Sources */,
				C0E1C6B81F546B1A0021D5CB /* TextFieldVC.swift in Sources */,
				C6ECAC8D1F4A368400202243 /* ViewController.swift in Sources */,
				C65A250B1F5389F3003CD23B /* ColorExtension.swift in Sources */,
				C0B3FF361F554AE500DD2FE0 /* AckoTextField.swift in Sources */,
				C65A250D1F538AF8003CD23B /* CGFloatExtension.swift in Sources */,
				C6ECAC8B1F4A368400202243 /* AppDelegate.swift in Sources */,
			);
			runOnlyForDeploymentPostprocessing = 0;
		};
		C6ECAC971F4A368500202243 /* Sources */ = {
			isa = PBXSourcesBuildPhase;
			buildActionMask = 2147483647;
			files = (
				C6ECACA01F4A368500202243 /* StackView__Tests.swift in Sources */,
			);
			runOnlyForDeploymentPostprocessing = 0;
		};
		C6ECACA21F4A368500202243 /* Sources */ = {
			isa = PBXSourcesBuildPhase;
			buildActionMask = 2147483647;
			files = (
				C6ECACAB1F4A368500202243 /* StackView__UITests.swift in Sources */,
			);
			runOnlyForDeploymentPostprocessing = 0;
		};
/* End PBXSourcesBuildPhase section */

/* Begin PBXTargetDependency section */
		C6ECAC9D1F4A368500202243 /* PBXTargetDependency */ = {
			isa = PBXTargetDependency;
			target = C6ECAC861F4A368400202243 /* StackView😮 */;
			targetProxy = C6ECAC9C1F4A368500202243 /* PBXContainerItemProxy */;
		};
		C6ECACA81F4A368500202243 /* PBXTargetDependency */ = {
			isa = PBXTargetDependency;
			target = C6ECAC861F4A368400202243 /* StackView😮 */;
			targetProxy = C6ECACA71F4A368500202243 /* PBXContainerItemProxy */;
		};
/* End PBXTargetDependency section */

/* Begin PBXVariantGroup section */
		C6ECAC8E1F4A368400202243 /* Main.storyboard */ = {
			isa = PBXVariantGroup;
			children = (
				C6ECAC8F1F4A368400202243 /* Base */,
			);
			name = Main.storyboard;
			sourceTree = "<group>";
		};
		C6ECAC931F4A368400202243 /* LaunchScreen.storyboard */ = {
			isa = PBXVariantGroup;
			children = (
				C6ECAC941F4A368400202243 /* Base */,
			);
			name = LaunchScreen.storyboard;
			sourceTree = "<group>";
		};
/* End PBXVariantGroup section */

/* Begin XCBuildConfiguration section */
		C6ECACAD1F4A368500202243 /* Debug */ = {
			isa = XCBuildConfiguration;
			buildSettings = {
				ALWAYS_SEARCH_USER_PATHS = NO;
				CLANG_ANALYZER_NONNULL = YES;
				CLANG_ANALYZER_NUMBER_OBJECT_CONVERSION = YES_AGGRESSIVE;
				CLANG_CXX_LANGUAGE_STANDARD = "gnu++0x";
				CLANG_CXX_LIBRARY = "libc++";
				CLANG_ENABLE_MODULES = YES;
				CLANG_ENABLE_OBJC_ARC = YES;
				CLANG_WARN_BOOL_CONVERSION = YES;
				CLANG_WARN_CONSTANT_CONVERSION = YES;
				CLANG_WARN_DIRECT_OBJC_ISA_USAGE = YES_ERROR;
				CLANG_WARN_DOCUMENTATION_COMMENTS = YES;
				CLANG_WARN_EMPTY_BODY = YES;
				CLANG_WARN_ENUM_CONVERSION = YES;
				CLANG_WARN_INFINITE_RECURSION = YES;
				CLANG_WARN_INT_CONVERSION = YES;
				CLANG_WARN_OBJC_ROOT_CLASS = YES_ERROR;
				CLANG_WARN_SUSPICIOUS_MOVE = YES;
				CLANG_WARN_UNREACHABLE_CODE = YES;
				CLANG_WARN__DUPLICATE_METHOD_MATCH = YES;
				"CODE_SIGN_IDENTITY[sdk=iphoneos*]" = "iPhone Developer";
				COPY_PHASE_STRIP = NO;
				DEBUG_INFORMATION_FORMAT = dwarf;
				ENABLE_STRICT_OBJC_MSGSEND = YES;
				ENABLE_TESTABILITY = YES;
				GCC_C_LANGUAGE_STANDARD = gnu99;
				GCC_DYNAMIC_NO_PIC = NO;
				GCC_NO_COMMON_BLOCKS = YES;
				GCC_OPTIMIZATION_LEVEL = 0;
				GCC_PREPROCESSOR_DEFINITIONS = (
					"DEBUG=1",
					"$(inherited)",
				);
				GCC_WARN_64_TO_32_BIT_CONVERSION = YES;
				GCC_WARN_ABOUT_RETURN_TYPE = YES_ERROR;
				GCC_WARN_UNDECLARED_SELECTOR = YES;
				GCC_WARN_UNINITIALIZED_AUTOS = YES_AGGRESSIVE;
				GCC_WARN_UNUSED_FUNCTION = YES;
				GCC_WARN_UNUSED_VARIABLE = YES;
				IPHONEOS_DEPLOYMENT_TARGET = 10.3;
				MTL_ENABLE_DEBUG_INFO = YES;
				ONLY_ACTIVE_ARCH = YES;
				SDKROOT = iphoneos;
				SWIFT_ACTIVE_COMPILATION_CONDITIONS = DEBUG;
				SWIFT_OPTIMIZATION_LEVEL = "-Onone";
				TARGETED_DEVICE_FAMILY = "1,2";
			};
			name = Debug;
		};
		C6ECACAE1F4A368500202243 /* Release */ = {
			isa = XCBuildConfiguration;
			buildSettings = {
				ALWAYS_SEARCH_USER_PATHS = NO;
				CLANG_ANALYZER_NONNULL = YES;
				CLANG_ANALYZER_NUMBER_OBJECT_CONVERSION = YES_AGGRESSIVE;
				CLANG_CXX_LANGUAGE_STANDARD = "gnu++0x";
				CLANG_CXX_LIBRARY = "libc++";
				CLANG_ENABLE_MODULES = YES;
				CLANG_ENABLE_OBJC_ARC = YES;
				CLANG_WARN_BOOL_CONVERSION = YES;
				CLANG_WARN_CONSTANT_CONVERSION = YES;
				CLANG_WARN_DIRECT_OBJC_ISA_USAGE = YES_ERROR;
				CLANG_WARN_DOCUMENTATION_COMMENTS = YES;
				CLANG_WARN_EMPTY_BODY = YES;
				CLANG_WARN_ENUM_CONVERSION = YES;
				CLANG_WARN_INFINITE_RECURSION = YES;
				CLANG_WARN_INT_CONVERSION = YES;
				CLANG_WARN_OBJC_ROOT_CLASS = YES_ERROR;
				CLANG_WARN_SUSPICIOUS_MOVE = YES;
				CLANG_WARN_UNREACHABLE_CODE = YES;
				CLANG_WARN__DUPLICATE_METHOD_MATCH = YES;
				"CODE_SIGN_IDENTITY[sdk=iphoneos*]" = "iPhone Developer";
				COPY_PHASE_STRIP = NO;
				DEBUG_INFORMATION_FORMAT = "dwarf-with-dsym";
				ENABLE_NS_ASSERTIONS = NO;
				ENABLE_STRICT_OBJC_MSGSEND = YES;
				GCC_C_LANGUAGE_STANDARD = gnu99;
				GCC_NO_COMMON_BLOCKS = YES;
				GCC_WARN_64_TO_32_BIT_CONVERSION = YES;
				GCC_WARN_ABOUT_RETURN_TYPE = YES_ERROR;
				GCC_WARN_UNDECLARED_SELECTOR = YES;
				GCC_WARN_UNINITIALIZED_AUTOS = YES_AGGRESSIVE;
				GCC_WARN_UNUSED_FUNCTION = YES;
				GCC_WARN_UNUSED_VARIABLE = YES;
				IPHONEOS_DEPLOYMENT_TARGET = 10.3;
				MTL_ENABLE_DEBUG_INFO = NO;
				SDKROOT = iphoneos;
				SWIFT_OPTIMIZATION_LEVEL = "-Owholemodule";
				TARGETED_DEVICE_FAMILY = "1,2";
				VALIDATE_PRODUCT = YES;
			};
			name = Release;
		};
		C6ECACB01F4A368500202243 /* Debug */ = {
			isa = XCBuildConfiguration;
			buildSettings = {
				ASSETCATALOG_COMPILER_APPICON_NAME = AppIcon;
				INFOPLIST_FILE = "StackView😮/Info.plist";
				LD_RUNPATH_SEARCH_PATHS = "$(inherited) @executable_path/Frameworks";
				PRODUCT_BUNDLE_IDENTIFIER = "com.mohitnnd.StackView--";
				PRODUCT_NAME = "$(TARGET_NAME)";
				SWIFT_VERSION = 3.0;
			};
			name = Debug;
		};
		C6ECACB11F4A368500202243 /* Release */ = {
			isa = XCBuildConfiguration;
			buildSettings = {
				ASSETCATALOG_COMPILER_APPICON_NAME = AppIcon;
				INFOPLIST_FILE = "StackView😮/Info.plist";
				LD_RUNPATH_SEARCH_PATHS = "$(inherited) @executable_path/Frameworks";
				PRODUCT_BUNDLE_IDENTIFIER = "com.mohitnnd.StackView--";
				PRODUCT_NAME = "$(TARGET_NAME)";
				SWIFT_VERSION = 3.0;
			};
			name = Release;
		};
		C6ECACB31F4A368500202243 /* Debug */ = {
			isa = XCBuildConfiguration;
			buildSettings = {
				ALWAYS_EMBED_SWIFT_STANDARD_LIBRARIES = YES;
				BUNDLE_LOADER = "$(TEST_HOST)";
				INFOPLIST_FILE = "StackView😮Tests/Info.plist";
				LD_RUNPATH_SEARCH_PATHS = "$(inherited) @executable_path/Frameworks @loader_path/Frameworks";
				PRODUCT_BUNDLE_IDENTIFIER = "com.mohitnnd.StackView--Tests";
				PRODUCT_NAME = "$(TARGET_NAME)";
				SWIFT_VERSION = 3.0;
				TEST_HOST = "$(BUILT_PRODUCTS_DIR)/StackView😮.app/StackView😮";
			};
			name = Debug;
		};
		C6ECACB41F4A368500202243 /* Release */ = {
			isa = XCBuildConfiguration;
			buildSettings = {
				ALWAYS_EMBED_SWIFT_STANDARD_LIBRARIES = YES;
				BUNDLE_LOADER = "$(TEST_HOST)";
				INFOPLIST_FILE = "StackView😮Tests/Info.plist";
				LD_RUNPATH_SEARCH_PATHS = "$(inherited) @executable_path/Frameworks @loader_path/Frameworks";
				PRODUCT_BUNDLE_IDENTIFIER = "com.mohitnnd.StackView--Tests";
				PRODUCT_NAME = "$(TARGET_NAME)";
				SWIFT_VERSION = 3.0;
				TEST_HOST = "$(BUILT_PRODUCTS_DIR)/StackView😮.app/StackView😮";
			};
			name = Release;
		};
		C6ECACB61F4A368500202243 /* Debug */ = {
			isa = XCBuildConfiguration;
			buildSettings = {
				ALWAYS_EMBED_SWIFT_STANDARD_LIBRARIES = YES;
				INFOPLIST_FILE = "StackView😮UITests/Info.plist";
				LD_RUNPATH_SEARCH_PATHS = "$(inherited) @executable_path/Frameworks @loader_path/Frameworks";
				PRODUCT_BUNDLE_IDENTIFIER = "com.mohitnnd.StackView--UITests";
				PRODUCT_NAME = "$(TARGET_NAME)";
				SWIFT_VERSION = 3.0;
				TEST_TARGET_NAME = "StackView😮";
			};
			name = Debug;
		};
		C6ECACB71F4A368500202243 /* Release */ = {
			isa = XCBuildConfiguration;
			buildSettings = {
				ALWAYS_EMBED_SWIFT_STANDARD_LIBRARIES = YES;
				INFOPLIST_FILE = "StackView😮UITests/Info.plist";
				LD_RUNPATH_SEARCH_PATHS = "$(inherited) @executable_path/Frameworks @loader_path/Frameworks";
				PRODUCT_BUNDLE_IDENTIFIER = "com.mohitnnd.StackView--UITests";
				PRODUCT_NAME = "$(TARGET_NAME)";
				SWIFT_VERSION = 3.0;
				TEST_TARGET_NAME = "StackView😮";
			};
			name = Release;
		};
/* End XCBuildConfiguration section */

/* Begin XCConfigurationList section */
		C6ECAC821F4A368400202243 /* Build configuration list for PBXProject "StackView😮" */ = {
			isa = XCConfigurationList;
			buildConfigurations = (
				C6ECACAD1F4A368500202243 /* Debug */,
				C6ECACAE1F4A368500202243 /* Release */,
			);
			defaultConfigurationIsVisible = 0;
			defaultConfigurationName = Release;
		};
		C6ECACAF1F4A368500202243 /* Build configuration list for PBXNativeTarget "StackView😮" */ = {
			isa = XCConfigurationList;
			buildConfigurations = (
				C6ECACB01F4A368500202243 /* Debug */,
				C6ECACB11F4A368500202243 /* Release */,
			);
			defaultConfigurationIsVisible = 0;
			defaultConfigurationName = Release;
		};
		C6ECACB21F4A368500202243 /* Build configuration list for PBXNativeTarget "StackView😮Tests" */ = {
			isa = XCConfigurationList;
			buildConfigurations = (
				C6ECACB31F4A368500202243 /* Debug */,
				C6ECACB41F4A368500202243 /* Release */,
			);
			defaultConfigurationIsVisible = 0;
			defaultConfigurationName = Release;
		};
		C6ECACB51F4A368500202243 /* Build configuration list for PBXNativeTarget "StackView😮UITests" */ = {
			isa = XCConfigurationList;
			buildConfigurations = (
				C6ECACB61F4A368500202243 /* Debug */,
				C6ECACB71F4A368500202243 /* Release */,
			);
			defaultConfigurationIsVisible = 0;
			defaultConfigurationName = Release;
		};
/* End XCConfigurationList section */
	};
	rootObject = C6ECAC7F1F4A368400202243 /* Project object */;
}
