// !$*UTF8*$!
{
	archiveVersion = 1;
	classes = {
	};
	objectVersion = 50;
	objects = {

/* Begin PBXBuildFile section */
		A533F0F92609FEBA00AD3EF1 /* TmdbTabBarViewModel.swift in Sources */ = {isa = PBXBuildFile; fileRef = A533F0F82609FEBA00AD3EF1 /* TmdbTabBarViewModel.swift */; };
		A533F10B260A102500AD3EF1 /* TmdbTabBarViewModelTests.swift in Sources */ = {isa = PBXBuildFile; fileRef = A533F10A260A102500AD3EF1 /* TmdbTabBarViewModelTests.swift */; };
		A533F112260A1E2800AD3EF1 /* Dynamic.swift in Sources */ = {isa = PBXBuildFile; fileRef = A533F111260A1E2800AD3EF1 /* Dynamic.swift */; };
		A533F120260AEB9900AD3EF1 /* TrendingViewController.swift in Sources */ = {isa = PBXBuildFile; fileRef = A533F11F260AEB9900AD3EF1 /* TrendingViewController.swift */; };
		A533F128260AEBA900AD3EF1 /* SearchViewController.swift in Sources */ = {isa = PBXBuildFile; fileRef = A533F127260AEBA900AD3EF1 /* SearchViewController.swift */; };
		A533F12D260AEBB700AD3EF1 /* NowPlayingViewController.swift in Sources */ = {isa = PBXBuildFile; fileRef = A533F12C260AEBB700AD3EF1 /* NowPlayingViewController.swift */; };
		A53FE3B12609FC1100B058FD /* AppDelegate.swift in Sources */ = {isa = PBXBuildFile; fileRef = A53FE3B02609FC1100B058FD /* AppDelegate.swift */; };
		A53FE3BB2609FC1100B058FD /* TMDB.xcdatamodeld in Sources */ = {isa = PBXBuildFile; fileRef = A53FE3B92609FC1100B058FD /* TMDB.xcdatamodeld */; };
		A53FE3BD2609FC1200B058FD /* Assets.xcassets in Resources */ = {isa = PBXBuildFile; fileRef = A53FE3BC2609FC1200B058FD /* Assets.xcassets */; };
		A53FE3C02609FC1200B058FD /* LaunchScreen.storyboard in Resources */ = {isa = PBXBuildFile; fileRef = A53FE3BE2609FC1200B058FD /* LaunchScreen.storyboard */; };
		A53FE3CB2609FC1200B058FD /* TMDBTests.swift in Sources */ = {isa = PBXBuildFile; fileRef = A53FE3CA2609FC1200B058FD /* TMDBTests.swift */; };
		A53FE3D62609FC1200B058FD /* TMDBUITests.swift in Sources */ = {isa = PBXBuildFile; fileRef = A53FE3D52609FC1200B058FD /* TMDBUITests.swift */; };
		A53FE3F12609FCE400B058FD /* TmdbTabBarViewController.swift in Sources */ = {isa = PBXBuildFile; fileRef = A53FE3F02609FCE400B058FD /* TmdbTabBarViewController.swift */; };
/* End PBXBuildFile section */

/* Begin PBXContainerItemProxy section */
		A53FE3C72609FC1200B058FD /* PBXContainerItemProxy */ = {
			isa = PBXContainerItemProxy;
			containerPortal = A53FE3A52609FC1100B058FD /* Project object */;
			proxyType = 1;
			remoteGlobalIDString = A53FE3AC2609FC1100B058FD;
			remoteInfo = TMDB;
		};
		A53FE3D22609FC1200B058FD /* PBXContainerItemProxy */ = {
			isa = PBXContainerItemProxy;
			containerPortal = A53FE3A52609FC1100B058FD /* Project object */;
			proxyType = 1;
			remoteGlobalIDString = A53FE3AC2609FC1100B058FD;
			remoteInfo = TMDB;
		};
/* End PBXContainerItemProxy section */

/* Begin PBXFileReference section */
		A533F0F82609FEBA00AD3EF1 /* TmdbTabBarViewModel.swift */ = {isa = PBXFileReference; lastKnownFileType = sourcecode.swift; path = TmdbTabBarViewModel.swift; sourceTree = "<group>"; };
		A533F10A260A102500AD3EF1 /* TmdbTabBarViewModelTests.swift */ = {isa = PBXFileReference; lastKnownFileType = sourcecode.swift; path = TmdbTabBarViewModelTests.swift; sourceTree = "<group>"; };
		A533F111260A1E2800AD3EF1 /* Dynamic.swift */ = {isa = PBXFileReference; lastKnownFileType = sourcecode.swift; path = Dynamic.swift; sourceTree = "<group>"; };
		A533F11F260AEB9900AD3EF1 /* TrendingViewController.swift */ = {isa = PBXFileReference; lastKnownFileType = sourcecode.swift; path = TrendingViewController.swift; sourceTree = "<group>"; };
		A533F127260AEBA900AD3EF1 /* SearchViewController.swift */ = {isa = PBXFileReference; lastKnownFileType = sourcecode.swift; path = SearchViewController.swift; sourceTree = "<group>"; };
		A533F12C260AEBB700AD3EF1 /* NowPlayingViewController.swift */ = {isa = PBXFileReference; lastKnownFileType = sourcecode.swift; path = NowPlayingViewController.swift; sourceTree = "<group>"; };
		A53FE3AD2609FC1100B058FD /* TMDB.app */ = {isa = PBXFileReference; explicitFileType = wrapper.application; includeInIndex = 0; path = TMDB.app; sourceTree = BUILT_PRODUCTS_DIR; };
		A53FE3B02609FC1100B058FD /* AppDelegate.swift */ = {isa = PBXFileReference; lastKnownFileType = sourcecode.swift; path = AppDelegate.swift; sourceTree = "<group>"; };
		A53FE3BA2609FC1100B058FD /* TMDB.xcdatamodel */ = {isa = PBXFileReference; lastKnownFileType = wrapper.xcdatamodel; path = TMDB.xcdatamodel; sourceTree = "<group>"; };
		A53FE3BC2609FC1200B058FD /* Assets.xcassets */ = {isa = PBXFileReference; lastKnownFileType = folder.assetcatalog; path = Assets.xcassets; sourceTree = "<group>"; };
		A53FE3BF2609FC1200B058FD /* Base */ = {isa = PBXFileReference; lastKnownFileType = file.storyboard; name = Base; path = Base.lproj/LaunchScreen.storyboard; sourceTree = "<group>"; };
		A53FE3C12609FC1200B058FD /* Info.plist */ = {isa = PBXFileReference; lastKnownFileType = text.plist.xml; path = Info.plist; sourceTree = "<group>"; };
		A53FE3C62609FC1200B058FD /* TMDBTests.xctest */ = {isa = PBXFileReference; explicitFileType = wrapper.cfbundle; includeInIndex = 0; path = TMDBTests.xctest; sourceTree = BUILT_PRODUCTS_DIR; };
		A53FE3CA2609FC1200B058FD /* TMDBTests.swift */ = {isa = PBXFileReference; lastKnownFileType = sourcecode.swift; path = TMDBTests.swift; sourceTree = "<group>"; };
		A53FE3CC2609FC1200B058FD /* Info.plist */ = {isa = PBXFileReference; lastKnownFileType = text.plist.xml; path = Info.plist; sourceTree = "<group>"; };
		A53FE3D12609FC1200B058FD /* TMDBUITests.xctest */ = {isa = PBXFileReference; explicitFileType = wrapper.cfbundle; includeInIndex = 0; path = TMDBUITests.xctest; sourceTree = BUILT_PRODUCTS_DIR; };
		A53FE3D52609FC1200B058FD /* TMDBUITests.swift */ = {isa = PBXFileReference; lastKnownFileType = sourcecode.swift; path = TMDBUITests.swift; sourceTree = "<group>"; };
		A53FE3D72609FC1200B058FD /* Info.plist */ = {isa = PBXFileReference; lastKnownFileType = text.plist.xml; path = Info.plist; sourceTree = "<group>"; };
		A53FE3F02609FCE400B058FD /* TmdbTabBarViewController.swift */ = {isa = PBXFileReference; lastKnownFileType = sourcecode.swift; path = TmdbTabBarViewController.swift; sourceTree = "<group>"; };
/* End PBXFileReference section */

/* Begin PBXFrameworksBuildPhase section */
		A53FE3AA2609FC1100B058FD /* Frameworks */ = {
			isa = PBXFrameworksBuildPhase;
			buildActionMask = 2147483647;
			files = (
			);
			runOnlyForDeploymentPostprocessing = 0;
		};
		A53FE3C32609FC1200B058FD /* Frameworks */ = {
			isa = PBXFrameworksBuildPhase;
			buildActionMask = 2147483647;
			files = (
			);
			runOnlyForDeploymentPostprocessing = 0;
		};
		A53FE3CE2609FC1200B058FD /* Frameworks */ = {
			isa = PBXFrameworksBuildPhase;
			buildActionMask = 2147483647;
			files = (
			);
			runOnlyForDeploymentPostprocessing = 0;
		};
/* End PBXFrameworksBuildPhase section */

/* Begin PBXGroup section */
		A533F0F62609FE9A00AD3EF1 /* ViewModel */ = {
			isa = PBXGroup;
			children = (
				A533F0F82609FEBA00AD3EF1 /* TmdbTabBarViewModel.swift */,
			);
			path = ViewModel;
			sourceTree = "<group>";
		};
		A533F0F72609FEA400AD3EF1 /* View */ = {
			isa = PBXGroup;
			children = (
				A53FE3F02609FCE400B058FD /* TmdbTabBarViewController.swift */,
			);
			path = View;
			sourceTree = "<group>";
		};
		A533F106260A057F00AD3EF1 /* AppDelegate */ = {
			isa = PBXGroup;
			children = (
				A53FE3B02609FC1100B058FD /* AppDelegate.swift */,
			);
			path = AppDelegate;
			sourceTree = "<group>";
		};
		A533F10F260A1D2300AD3EF1 /* TabBar */ = {
			isa = PBXGroup;
			children = (
				A533F10A260A102500AD3EF1 /* TmdbTabBarViewModelTests.swift */,
			);
			path = TabBar;
			sourceTree = "<group>";
		};
		A533F110260A1E1600AD3EF1 /* Utility */ = {
			isa = PBXGroup;
			children = (
				A533F111260A1E2800AD3EF1 /* Dynamic.swift */,
			);
			path = Utility;
			sourceTree = "<group>";
		};
		A533F11C260AEB4D00AD3EF1 /* Trending */ = {
			isa = PBXGroup;
			children = (
				A533F11F260AEB9900AD3EF1 /* TrendingViewController.swift */,
			);
			path = Trending;
			sourceTree = "<group>";
		};
		A533F11D260AEB5700AD3EF1 /* Search */ = {
			isa = PBXGroup;
			children = (
				A533F127260AEBA900AD3EF1 /* SearchViewController.swift */,
			);
			path = Search;
			sourceTree = "<group>";
		};
		A533F11E260AEB5D00AD3EF1 /* NowPlaying */ = {
			isa = PBXGroup;
			children = (
				A533F12C260AEBB700AD3EF1 /* NowPlayingViewController.swift */,
			);
			path = NowPlaying;
			sourceTree = "<group>";
		};
		A53FE3A42609FC1100B058FD = {
			isa = PBXGroup;
			children = (
				A53FE3AF2609FC1100B058FD /* TMDB */,
				A53FE3C92609FC1200B058FD /* TMDBTests */,
				A53FE3D42609FC1200B058FD /* TMDBUITests */,
				A53FE3AE2609FC1100B058FD /* Products */,
			);
			sourceTree = "<group>";
		};
		A53FE3AE2609FC1100B058FD /* Products */ = {
			isa = PBXGroup;
			children = (
				A53FE3AD2609FC1100B058FD /* TMDB.app */,
				A53FE3C62609FC1200B058FD /* TMDBTests.xctest */,
				A53FE3D12609FC1200B058FD /* TMDBUITests.xctest */,
			);
			name = Products;
			sourceTree = "<group>";
		};
		A53FE3AF2609FC1100B058FD /* TMDB */ = {
			isa = PBXGroup;
			children = (
				A533F11E260AEB5D00AD3EF1 /* NowPlaying */,
				A533F11D260AEB5700AD3EF1 /* Search */,
				A533F11C260AEB4D00AD3EF1 /* Trending */,
				A533F110260A1E1600AD3EF1 /* Utility */,
				A533F106260A057F00AD3EF1 /* AppDelegate */,
				A53FE3F52609FCE900B058FD /* TabBar */,
				A53FE3BC2609FC1200B058FD /* Assets.xcassets */,
				A53FE3BE2609FC1200B058FD /* LaunchScreen.storyboard */,
				A53FE3C12609FC1200B058FD /* Info.plist */,
				A53FE3B92609FC1100B058FD /* TMDB.xcdatamodeld */,
			);
			path = TMDB;
			sourceTree = "<group>";
		};
		A53FE3C92609FC1200B058FD /* TMDBTests */ = {
			isa = PBXGroup;
			children = (
				A533F10F260A1D2300AD3EF1 /* TabBar */,
				A53FE3CA2609FC1200B058FD /* TMDBTests.swift */,
				A53FE3CC2609FC1200B058FD /* Info.plist */,
			);
			path = TMDBTests;
			sourceTree = "<group>";
		};
		A53FE3D42609FC1200B058FD /* TMDBUITests */ = {
			isa = PBXGroup;
			children = (
				A53FE3D52609FC1200B058FD /* TMDBUITests.swift */,
				A53FE3D72609FC1200B058FD /* Info.plist */,
			);
			path = TMDBUITests;
			sourceTree = "<group>";
		};
		A53FE3F52609FCE900B058FD /* TabBar */ = {
			isa = PBXGroup;
			children = (
				A533F0F72609FEA400AD3EF1 /* View */,
				A533F0F62609FE9A00AD3EF1 /* ViewModel */,
			);
			path = TabBar;
			sourceTree = "<group>";
		};
/* End PBXGroup section */

/* Begin PBXNativeTarget section */
		A53FE3AC2609FC1100B058FD /* TMDB */ = {
			isa = PBXNativeTarget;
			buildConfigurationList = A53FE3DA2609FC1200B058FD /* Build configuration list for PBXNativeTarget "TMDB" */;
			buildPhases = (
				A53FE3A92609FC1100B058FD /* Sources */,
				A53FE3AA2609FC1100B058FD /* Frameworks */,
				A53FE3AB2609FC1100B058FD /* Resources */,
			);
			buildRules = (
			);
			dependencies = (
			);
			name = TMDB;
			productName = TMDB;
			productReference = A53FE3AD2609FC1100B058FD /* TMDB.app */;
			productType = "com.apple.product-type.application";
		};
		A53FE3C52609FC1200B058FD /* TMDBTests */ = {
			isa = PBXNativeTarget;
			buildConfigurationList = A53FE3DD2609FC1200B058FD /* Build configuration list for PBXNativeTarget "TMDBTests" */;
			buildPhases = (
				A53FE3C22609FC1200B058FD /* Sources */,
				A53FE3C32609FC1200B058FD /* Frameworks */,
				A53FE3C42609FC1200B058FD /* Resources */,
			);
			buildRules = (
			);
			dependencies = (
				A53FE3C82609FC1200B058FD /* PBXTargetDependency */,
			);
			name = TMDBTests;
			productName = TMDBTests;
			productReference = A53FE3C62609FC1200B058FD /* TMDBTests.xctest */;
			productType = "com.apple.product-type.bundle.unit-test";
		};
		A53FE3D02609FC1200B058FD /* TMDBUITests */ = {
			isa = PBXNativeTarget;
			buildConfigurationList = A53FE3E02609FC1200B058FD /* Build configuration list for PBXNativeTarget "TMDBUITests" */;
			buildPhases = (
				A53FE3CD2609FC1200B058FD /* Sources */,
				A53FE3CE2609FC1200B058FD /* Frameworks */,
				A53FE3CF2609FC1200B058FD /* Resources */,
			);
			buildRules = (
			);
			dependencies = (
				A53FE3D32609FC1200B058FD /* PBXTargetDependency */,
			);
			name = TMDBUITests;
			productName = TMDBUITests;
			productReference = A53FE3D12609FC1200B058FD /* TMDBUITests.xctest */;
			productType = "com.apple.product-type.bundle.ui-testing";
		};
/* End PBXNativeTarget section */

/* Begin PBXProject section */
		A53FE3A52609FC1100B058FD /* Project object */ = {
			isa = PBXProject;
			attributes = {
				LastSwiftUpdateCheck = 1240;
				LastUpgradeCheck = 1240;
				TargetAttributes = {
					A53FE3AC2609FC1100B058FD = {
						CreatedOnToolsVersion = 12.4;
					};
					A53FE3C52609FC1200B058FD = {
						CreatedOnToolsVersion = 12.4;
						TestTargetID = A53FE3AC2609FC1100B058FD;
					};
					A53FE3D02609FC1200B058FD = {
						CreatedOnToolsVersion = 12.4;
						TestTargetID = A53FE3AC2609FC1100B058FD;
					};
				};
			};
			buildConfigurationList = A53FE3A82609FC1100B058FD /* Build configuration list for PBXProject "TMDB" */;
			compatibilityVersion = "Xcode 9.3";
			developmentRegion = en;
			hasScannedForEncodings = 0;
			knownRegions = (
				en,
				Base,
			);
			mainGroup = A53FE3A42609FC1100B058FD;
			productRefGroup = A53FE3AE2609FC1100B058FD /* Products */;
			projectDirPath = "";
			projectRoot = "";
			targets = (
				A53FE3AC2609FC1100B058FD /* TMDB */,
				A53FE3C52609FC1200B058FD /* TMDBTests */,
				A53FE3D02609FC1200B058FD /* TMDBUITests */,
			);
		};
/* End PBXProject section */

/* Begin PBXResourcesBuildPhase section */
		A53FE3AB2609FC1100B058FD /* Resources */ = {
			isa = PBXResourcesBuildPhase;
			buildActionMask = 2147483647;
			files = (
				A53FE3C02609FC1200B058FD /* LaunchScreen.storyboard in Resources */,
				A53FE3BD2609FC1200B058FD /* Assets.xcassets in Resources */,
			);
			runOnlyForDeploymentPostprocessing = 0;
		};
		A53FE3C42609FC1200B058FD /* Resources */ = {
			isa = PBXResourcesBuildPhase;
			buildActionMask = 2147483647;
			files = (
			);
			runOnlyForDeploymentPostprocessing = 0;
		};
		A53FE3CF2609FC1200B058FD /* Resources */ = {
			isa = PBXResourcesBuildPhase;
			buildActionMask = 2147483647;
			files = (
			);
			runOnlyForDeploymentPostprocessing = 0;
		};
/* End PBXResourcesBuildPhase section */

/* Begin PBXSourcesBuildPhase section */
		A53FE3A92609FC1100B058FD /* Sources */ = {
			isa = PBXSourcesBuildPhase;
			buildActionMask = 2147483647;
			files = (
				A533F12D260AEBB700AD3EF1 /* NowPlayingViewController.swift in Sources */,
				A53FE3F12609FCE400B058FD /* TmdbTabBarViewController.swift in Sources */,
				A533F128260AEBA900AD3EF1 /* SearchViewController.swift in Sources */,
				A533F112260A1E2800AD3EF1 /* Dynamic.swift in Sources */,
				A53FE3BB2609FC1100B058FD /* TMDB.xcdatamodeld in Sources */,
				A53FE3B12609FC1100B058FD /* AppDelegate.swift in Sources */,
				A533F0F92609FEBA00AD3EF1 /* TmdbTabBarViewModel.swift in Sources */,
				A533F120260AEB9900AD3EF1 /* TrendingViewController.swift in Sources */,
			);
			runOnlyForDeploymentPostprocessing = 0;
		};
		A53FE3C22609FC1200B058FD /* Sources */ = {
			isa = PBXSourcesBuildPhase;
			buildActionMask = 2147483647;
			files = (
				A53FE3CB2609FC1200B058FD /* TMDBTests.swift in Sources */,
				A533F10B260A102500AD3EF1 /* TmdbTabBarViewModelTests.swift in Sources */,
			);
			runOnlyForDeploymentPostprocessing = 0;
		};
		A53FE3CD2609FC1200B058FD /* Sources */ = {
			isa = PBXSourcesBuildPhase;
			buildActionMask = 2147483647;
			files = (
				A53FE3D62609FC1200B058FD /* TMDBUITests.swift in Sources */,
			);
			runOnlyForDeploymentPostprocessing = 0;
		};
/* End PBXSourcesBuildPhase section */

/* Begin PBXTargetDependency section */
		A53FE3C82609FC1200B058FD /* PBXTargetDependency */ = {
			isa = PBXTargetDependency;
			target = A53FE3AC2609FC1100B058FD /* TMDB */;
			targetProxy = A53FE3C72609FC1200B058FD /* PBXContainerItemProxy */;
		};
		A53FE3D32609FC1200B058FD /* PBXTargetDependency */ = {
			isa = PBXTargetDependency;
			target = A53FE3AC2609FC1100B058FD /* TMDB */;
			targetProxy = A53FE3D22609FC1200B058FD /* PBXContainerItemProxy */;
		};
/* End PBXTargetDependency section */

/* Begin PBXVariantGroup section */
		A53FE3BE2609FC1200B058FD /* LaunchScreen.storyboard */ = {
			isa = PBXVariantGroup;
			children = (
				A53FE3BF2609FC1200B058FD /* Base */,
			);
			name = LaunchScreen.storyboard;
			sourceTree = "<group>";
		};
/* End PBXVariantGroup section */

/* Begin XCBuildConfiguration section */
		A53FE3D82609FC1200B058FD /* Debug */ = {
			isa = XCBuildConfiguration;
			buildSettings = {
				ALWAYS_SEARCH_USER_PATHS = NO;
				CLANG_ANALYZER_NONNULL = YES;
				CLANG_ANALYZER_NUMBER_OBJECT_CONVERSION = YES_AGGRESSIVE;
				CLANG_CXX_LANGUAGE_STANDARD = "gnu++14";
				CLANG_CXX_LIBRARY = "libc++";
				CLANG_ENABLE_MODULES = YES;
				CLANG_ENABLE_OBJC_ARC = YES;
				CLANG_ENABLE_OBJC_WEAK = YES;
				CLANG_WARN_BLOCK_CAPTURE_AUTORELEASING = YES;
				CLANG_WARN_BOOL_CONVERSION = YES;
				CLANG_WARN_COMMA = YES;
				CLANG_WARN_CONSTANT_CONVERSION = YES;
				CLANG_WARN_DEPRECATED_OBJC_IMPLEMENTATIONS = YES;
				CLANG_WARN_DIRECT_OBJC_ISA_USAGE = YES_ERROR;
				CLANG_WARN_DOCUMENTATION_COMMENTS = YES;
				CLANG_WARN_EMPTY_BODY = YES;
				CLANG_WARN_ENUM_CONVERSION = YES;
				CLANG_WARN_INFINITE_RECURSION = YES;
				CLANG_WARN_INT_CONVERSION = YES;
				CLANG_WARN_NON_LITERAL_NULL_CONVERSION = YES;
				CLANG_WARN_OBJC_IMPLICIT_RETAIN_SELF = YES;
				CLANG_WARN_OBJC_LITERAL_CONVERSION = YES;
				CLANG_WARN_OBJC_ROOT_CLASS = YES_ERROR;
				CLANG_WARN_QUOTED_INCLUDE_IN_FRAMEWORK_HEADER = YES;
				CLANG_WARN_RANGE_LOOP_ANALYSIS = YES;
				CLANG_WARN_STRICT_PROTOTYPES = YES;
				CLANG_WARN_SUSPICIOUS_MOVE = YES;
				CLANG_WARN_UNGUARDED_AVAILABILITY = YES_AGGRESSIVE;
				CLANG_WARN_UNREACHABLE_CODE = YES;
				CLANG_WARN__DUPLICATE_METHOD_MATCH = YES;
				COPY_PHASE_STRIP = NO;
				DEBUG_INFORMATION_FORMAT = dwarf;
				ENABLE_STRICT_OBJC_MSGSEND = YES;
				ENABLE_TESTABILITY = YES;
				GCC_C_LANGUAGE_STANDARD = gnu11;
				GCC_DYNAMIC_NO_PIC = NO;
				GCC_NO_COMMON_BLOCKS = YES;
				GCC_OPTIMIZATION_LEVEL = 0;
				GCC_PREPROCESSOR_DEFINITIONS = (
					"DEBUG=1",
					"$(inherited)",
				);
				GCC_WARN_64_TO_32_BIT_CONVERSION = YES;
				GCC_WARN_ABOUT_RETURN_TYPE = YES_ERROR;
				GCC_WARN_UNDECLARED_SELECTOR = YES;
				GCC_WARN_UNINITIALIZED_AUTOS = YES_AGGRESSIVE;
				GCC_WARN_UNUSED_FUNCTION = YES;
				GCC_WARN_UNUSED_VARIABLE = YES;
				IPHONEOS_DEPLOYMENT_TARGET = 14.4;
				MTL_ENABLE_DEBUG_INFO = INCLUDE_SOURCE;
				MTL_FAST_MATH = YES;
				ONLY_ACTIVE_ARCH = YES;
				SDKROOT = iphoneos;
				SWIFT_ACTIVE_COMPILATION_CONDITIONS = DEBUG;
				SWIFT_OPTIMIZATION_LEVEL = "-Onone";
			};
			name = Debug;
		};
		A53FE3D92609FC1200B058FD /* Release */ = {
			isa = XCBuildConfiguration;
			buildSettings = {
				ALWAYS_SEARCH_USER_PATHS = NO;
				CLANG_ANALYZER_NONNULL = YES;
				CLANG_ANALYZER_NUMBER_OBJECT_CONVERSION = YES_AGGRESSIVE;
				CLANG_CXX_LANGUAGE_STANDARD = "gnu++14";
				CLANG_CXX_LIBRARY = "libc++";
				CLANG_ENABLE_MODULES = YES;
				CLANG_ENABLE_OBJC_ARC = YES;
				CLANG_ENABLE_OBJC_WEAK = YES;
				CLANG_WARN_BLOCK_CAPTURE_AUTORELEASING = YES;
				CLANG_WARN_BOOL_CONVERSION = YES;
				CLANG_WARN_COMMA = YES;
				CLANG_WARN_CONSTANT_CONVERSION = YES;
				CLANG_WARN_DEPRECATED_OBJC_IMPLEMENTATIONS = YES;
				CLANG_WARN_DIRECT_OBJC_ISA_USAGE = YES_ERROR;
				CLANG_WARN_DOCUMENTATION_COMMENTS = YES;
				CLANG_WARN_EMPTY_BODY = YES;
				CLANG_WARN_ENUM_CONVERSION = YES;
				CLANG_WARN_INFINITE_RECURSION = YES;
				CLANG_WARN_INT_CONVERSION = YES;
				CLANG_WARN_NON_LITERAL_NULL_CONVERSION = YES;
				CLANG_WARN_OBJC_IMPLICIT_RETAIN_SELF = YES;
				CLANG_WARN_OBJC_LITERAL_CONVERSION = YES;
				CLANG_WARN_OBJC_ROOT_CLASS = YES_ERROR;
				CLANG_WARN_QUOTED_INCLUDE_IN_FRAMEWORK_HEADER = YES;
				CLANG_WARN_RANGE_LOOP_ANALYSIS = YES;
				CLANG_WARN_STRICT_PROTOTYPES = YES;
				CLANG_WARN_SUSPICIOUS_MOVE = YES;
				CLANG_WARN_UNGUARDED_AVAILABILITY = YES_AGGRESSIVE;
				CLANG_WARN_UNREACHABLE_CODE = YES;
				CLANG_WARN__DUPLICATE_METHOD_MATCH = YES;
				COPY_PHASE_STRIP = NO;
				DEBUG_INFORMATION_FORMAT = "dwarf-with-dsym";
				ENABLE_NS_ASSERTIONS = NO;
				ENABLE_STRICT_OBJC_MSGSEND = YES;
				GCC_C_LANGUAGE_STANDARD = gnu11;
				GCC_NO_COMMON_BLOCKS = YES;
				GCC_WARN_64_TO_32_BIT_CONVERSION = YES;
				GCC_WARN_ABOUT_RETURN_TYPE = YES_ERROR;
				GCC_WARN_UNDECLARED_SELECTOR = YES;
				GCC_WARN_UNINITIALIZED_AUTOS = YES_AGGRESSIVE;
				GCC_WARN_UNUSED_FUNCTION = YES;
				GCC_WARN_UNUSED_VARIABLE = YES;
				IPHONEOS_DEPLOYMENT_TARGET = 14.4;
				MTL_ENABLE_DEBUG_INFO = NO;
				MTL_FAST_MATH = YES;
				SDKROOT = iphoneos;
				SWIFT_COMPILATION_MODE = wholemodule;
				SWIFT_OPTIMIZATION_LEVEL = "-O";
				VALIDATE_PRODUCT = YES;
			};
			name = Release;
		};
		A53FE3DB2609FC1200B058FD /* Debug */ = {
			isa = XCBuildConfiguration;
			buildSettings = {
				ASSETCATALOG_COMPILER_APPICON_NAME = AppIcon;
				ASSETCATALOG_COMPILER_GLOBAL_ACCENT_COLOR_NAME = AccentColor;
				CODE_SIGN_STYLE = Automatic;
				DEVELOPMENT_TEAM = 56X5D49W54;
				INFOPLIST_FILE = TMDB/Info.plist;
				LD_RUNPATH_SEARCH_PATHS = (
					"$(inherited)",
					"@executable_path/Frameworks",
				);
				PRODUCT_BUNDLE_IDENTIFIER = com.mohitnnd.TMDB;
				PRODUCT_NAME = "$(TARGET_NAME)";
				SWIFT_VERSION = 5.0;
				TARGETED_DEVICE_FAMILY = "1,2";
			};
			name = Debug;
		};
		A53FE3DC2609FC1200B058FD /* Release */ = {
			isa = XCBuildConfiguration;
			buildSettings = {
				ASSETCATALOG_COMPILER_APPICON_NAME = AppIcon;
				ASSETCATALOG_COMPILER_GLOBAL_ACCENT_COLOR_NAME = AccentColor;
				CODE_SIGN_STYLE = Automatic;
				DEVELOPMENT_TEAM = 56X5D49W54;
				INFOPLIST_FILE = TMDB/Info.plist;
				LD_RUNPATH_SEARCH_PATHS = (
					"$(inherited)",
					"@executable_path/Frameworks",
				);
				PRODUCT_BUNDLE_IDENTIFIER = com.mohitnnd.TMDB;
				PRODUCT_NAME = "$(TARGET_NAME)";
				SWIFT_VERSION = 5.0;
				TARGETED_DEVICE_FAMILY = "1,2";
			};
			name = Release;
		};
		A53FE3DE2609FC1200B058FD /* Debug */ = {
			isa = XCBuildConfiguration;
			buildSettings = {
				ALWAYS_EMBED_SWIFT_STANDARD_LIBRARIES = YES;
				BUNDLE_LOADER = "$(TEST_HOST)";
				CODE_SIGN_STYLE = Automatic;
				DEVELOPMENT_TEAM = 56X5D49W54;
				INFOPLIST_FILE = TMDBTests/Info.plist;
				IPHONEOS_DEPLOYMENT_TARGET = 14.4;
				LD_RUNPATH_SEARCH_PATHS = (
					"$(inherited)",
					"@executable_path/Frameworks",
					"@loader_path/Frameworks",
				);
				PRODUCT_BUNDLE_IDENTIFIER = com.mohitnnd.TMDBTests;
				PRODUCT_NAME = "$(TARGET_NAME)";
				SWIFT_VERSION = 5.0;
				TARGETED_DEVICE_FAMILY = "1,2";
				TEST_HOST = "$(BUILT_PRODUCTS_DIR)/TMDB.app/TMDB";
			};
			name = Debug;
		};
		A53FE3DF2609FC1200B058FD /* Release */ = {
			isa = XCBuildConfiguration;
			buildSettings = {
				ALWAYS_EMBED_SWIFT_STANDARD_LIBRARIES = YES;
				BUNDLE_LOADER = "$(TEST_HOST)";
				CODE_SIGN_STYLE = Automatic;
				DEVELOPMENT_TEAM = 56X5D49W54;
				INFOPLIST_FILE = TMDBTests/Info.plist;
				IPHONEOS_DEPLOYMENT_TARGET = 14.4;
				LD_RUNPATH_SEARCH_PATHS = (
					"$(inherited)",
					"@executable_path/Frameworks",
					"@loader_path/Frameworks",
				);
				PRODUCT_BUNDLE_IDENTIFIER = com.mohitnnd.TMDBTests;
				PRODUCT_NAME = "$(TARGET_NAME)";
				SWIFT_VERSION = 5.0;
				TARGETED_DEVICE_FAMILY = "1,2";
				TEST_HOST = "$(BUILT_PRODUCTS_DIR)/TMDB.app/TMDB";
			};
			name = Release;
		};
		A53FE3E12609FC1200B058FD /* Debug */ = {
			isa = XCBuildConfiguration;
			buildSettings = {
				ALWAYS_EMBED_SWIFT_STANDARD_LIBRARIES = YES;
				CODE_SIGN_STYLE = Automatic;
				DEVELOPMENT_TEAM = 56X5D49W54;
				INFOPLIST_FILE = TMDBUITests/Info.plist;
				LD_RUNPATH_SEARCH_PATHS = (
					"$(inherited)",
					"@executable_path/Frameworks",
					"@loader_path/Frameworks",
				);
				PRODUCT_BUNDLE_IDENTIFIER = com.mohitnnd.TMDBUITests;
				PRODUCT_NAME = "$(TARGET_NAME)";
				SWIFT_VERSION = 5.0;
				TARGETED_DEVICE_FAMILY = "1,2";
				TEST_TARGET_NAME = TMDB;
			};
			name = Debug;
		};
		A53FE3E22609FC1200B058FD /* Release */ = {
			isa = XCBuildConfiguration;
			buildSettings = {
				ALWAYS_EMBED_SWIFT_STANDARD_LIBRARIES = YES;
				CODE_SIGN_STYLE = Automatic;
				DEVELOPMENT_TEAM = 56X5D49W54;
				INFOPLIST_FILE = TMDBUITests/Info.plist;
				LD_RUNPATH_SEARCH_PATHS = (
					"$(inherited)",
					"@executable_path/Frameworks",
					"@loader_path/Frameworks",
				);
				PRODUCT_BUNDLE_IDENTIFIER = com.mohitnnd.TMDBUITests;
				PRODUCT_NAME = "$(TARGET_NAME)";
				SWIFT_VERSION = 5.0;
				TARGETED_DEVICE_FAMILY = "1,2";
				TEST_TARGET_NAME = TMDB;
			};
			name = Release;
		};
/* End XCBuildConfiguration section */

/* Begin XCConfigurationList section */
		A53FE3A82609FC1100B058FD /* Build configuration list for PBXProject "TMDB" */ = {
			isa = XCConfigurationList;
			buildConfigurations = (
				A53FE3D82609FC1200B058FD /* Debug */,
				A53FE3D92609FC1200B058FD /* Release */,
			);
			defaultConfigurationIsVisible = 0;
			defaultConfigurationName = Release;
		};
		A53FE3DA2609FC1200B058FD /* Build configuration list for PBXNativeTarget "TMDB" */ = {
			isa = XCConfigurationList;
			buildConfigurations = (
				A53FE3DB2609FC1200B058FD /* Debug */,
				A53FE3DC2609FC1200B058FD /* Release */,
			);
			defaultConfigurationIsVisible = 0;
			defaultConfigurationName = Release;
		};
		A53FE3DD2609FC1200B058FD /* Build configuration list for PBXNativeTarget "TMDBTests" */ = {
			isa = XCConfigurationList;
			buildConfigurations = (
				A53FE3DE2609FC1200B058FD /* Debug */,
				A53FE3DF2609FC1200B058FD /* Release */,
			);
			defaultConfigurationIsVisible = 0;
			defaultConfigurationName = Release;
		};
		A53FE3E02609FC1200B058FD /* Build configuration list for PBXNativeTarget "TMDBUITests" */ = {
			isa = XCConfigurationList;
			buildConfigurations = (
				A53FE3E12609FC1200B058FD /* Debug */,
				A53FE3E22609FC1200B058FD /* Release */,
			);
			defaultConfigurationIsVisible = 0;
			defaultConfigurationName = Release;
		};
/* End XCConfigurationList section */

/* Begin XCVersionGroup section */
		A53FE3B92609FC1100B058FD /* TMDB.xcdatamodeld */ = {
			isa = XCVersionGroup;
			children = (
				A53FE3BA2609FC1100B058FD /* TMDB.xcdatamodel */,
			);
			currentVersion = A53FE3BA2609FC1100B058FD /* TMDB.xcdatamodel */;
			path = TMDB.xcdatamodeld;
			sourceTree = "<group>";
			versionGroupType = wrapper.xcdatamodel;
		};
/* End XCVersionGroup section */
	};
	rootObject = A53FE3A52609FC1100B058FD /* Project object */;
}
